
Microsoft Visual Studio Solution File, Format Version 12.00
# Visual Studio Version 17
VisualStudioVersion = 17.4.33213.308
MinimumVisualStudioVersion = 10.0.40219.1
Project("{FAE04EC0-301F-11D3-BF4B-00C04F79EFBC}") = "linq playlist", "linq playlist\linq playlist.csproj", "{A9845458-CBFB-4D67-AAED-8A3D975434DC}"
EndProject
Global
	GlobalSection(SolutionConfigurationPlatforms) = preSolution
		Debug|Any CPU = Debug|Any CPU
		Release|Any CPU = Release|Any CPU
	EndGlobalSection
	GlobalSection(ProjectConfigurationPlatforms) = postSolution
		{A9845458-CBFB-4D67-AAED-8A3D975434DC}.Debug|Any CPU.ActiveCfg = Debug|Any CPU
		{A9845458-CBFB-4D67-AAED-8A3D975434DC}.Debug|Any CPU.Build.0 = Debug|Any CPU
		{A9845458-CBFB-4D67-AAED-8A3D975434DC}.Release|Any CPU.ActiveCfg = Release|Any CPU
		{A9845458-CBFB-4D67-AAED-8A3D975434DC}.Release|Any CPU.Build.0 = Release|Any CPU
	EndGlobalSection
	GlobalSection(SolutionProperties) = preSolution
		HideSolutionNode = FALSE
	EndGlobalSection
	GlobalSection(ExtensibilityGlobals) = postSolution
		SolutionGuid = {93203DAF-8867-4110-B518-F1A0FFD98649}
	EndGlobalSection
EndGlobal
